
Microsoft Visual Studio Solution File, Format Version 12.00
# Visual Studio Version 16
VisualStudioVersion = 16.0.30011.22
MinimumVisualStudioVersion = 10.0.40219.1
Project("{FAE04EC0-301F-11D3-BF4B-00C04F79EFBC}") = "Client", "Vale\Client.csproj", "{8C888124-45C6-4CBF-B824-84D440E6D412}"
EndProject
Project("{FAE04EC0-301F-11D3-BF4B-00C04F79EFBC}") = "Server", "Server\Server.csproj", "{B36E8B27-AEE7-49D8-891F-D65AA463BF33}"
EndProject
Global
	GlobalSection(SolutionConfigurationPlatforms) = preSolution
		Debug|Any CPU = Debug|Any CPU
		Release|Any CPU = Release|Any CPU
	EndGlobalSection
	GlobalSection(ProjectConfigurationPlatforms) = postSolution
		{8C888124-45C6-4CBF-B824-84D440E6D412}.Debug|Any CPU.ActiveCfg = Debug|Any CPU
		{8C888124-45C6-4CBF-B824-84D440E6D412}.Debug|Any CPU.Build.0 = Debug|Any CPU
		{8C888124-45C6-4CBF-B824-84D440E6D412}.Release|Any CPU.ActiveCfg = Release|Any CPU
		{8C888124-45C6-4CBF-B824-84D440E6D412}.Release|Any CPU.Build.0 = Release|Any CPU
		{B36E8B27-AEE7-49D8-891F-D65AA463BF33}.Debug|Any CPU.ActiveCfg = Debug|Any CPU
		{B36E8B27-AEE7-49D8-891F-D65AA463BF33}.Debug|Any CPU.Build.0 = Debug|Any CPU
		{B36E8B27-AEE7-49D8-891F-D65AA463BF33}.Release|Any CPU.ActiveCfg = Release|Any CPU
		{B36E8B27-AEE7-49D8-891F-D65AA463BF33}.Release|Any CPU.Build.0 = Release|Any CPU
	EndGlobalSection
	GlobalSection(SolutionProperties) = preSolution
		HideSolutionNode = FALSE
	EndGlobalSection
	GlobalSection(ExtensibilityGlobals) = postSolution
		SolutionGuid = {73E2855D-9696-43D7-9355-A7208C5A8BB6}
	EndGlobalSection
EndGlobal
